
Microsoft Visual Studio Solution File, Format Version 12.00
Project("{2150E333-8FDC-42A3-9474-1A3956D46DE8}") = "src", "src", "{CEB8C4AD-5EC7-4889-B0D9-991CB0C1F13F}"
EndProject
Project("{2150E333-8FDC-42A3-9474-1A3956D46DE8}") = "tests", "tests", "{6EE82AFA-AF4E-4C9F-BAF5-541E1FF73D0C}"
EndProject
Project("{FAE04EC0-301F-11D3-BF4B-00C04F79EFBC}") = "Domain", "Domain\Domain.csproj", "{55C50457-9C5C-421F-BF62-0F68B1F6829C}"
EndProject
Project("{FAE04EC0-301F-11D3-BF4B-00C04F79EFBC}") = "Domain.UnitTests", "Domain.UnitTests\Domain.UnitTests.csproj", "{BD56C4FA-1FF2-4AFC-841B-6277B046ACCD}"
EndProject
Project("{FAE04EC0-301F-11D3-BF4B-00C04F79EFBC}") = "Application", "Application\Application.csproj", "{9591F074-08E2-4C41-9C31-6C5116066E48}"
EndProject
Project("{FAE04EC0-301F-11D3-BF4B-00C04F79EFBC}") = "Migrations", "Migrations\Migrations.csproj", "{80C4EF43-7B59-450D-8085-CE4E6EF6028D}"
EndProject
Project("{2150E333-8FDC-42A3-9474-1A3956D46DE8}") = "Utils", "Utils", "{9FC318A9-9892-4529-A380-0D351EBBBE94}"
	ProjectSection(SolutionItems) = preProject
		docker-compose.yaml = docker-compose.yaml
	EndProjectSection
EndProject
Project("{FAE04EC0-301F-11D3-BF4B-00C04F79EFBC}") = "Infrastructure", "Infrastructure\Infrastructure.csproj", "{27682E65-F313-4177-BBDE-D9DDBB4CA155}"
EndProject
Project("{FAE04EC0-301F-11D3-BF4B-00C04F79EFBC}") = "Api", "Api\Api.csproj", "{8475232D-8107-433A-8E34-B5E2685F8B7D}"
EndProject
Project("{FAE04EC0-301F-11D3-BF4B-00C04F79EFBC}") = "ApiContracts", "ApiContracts\ApiContracts.csproj", "{062D3433-57FE-4633-A158-AB6EF1C4EFF0}"
EndProject
Project("{FAE04EC0-301F-11D3-BF4B-00C04F79EFBC}") = "Validation", "Validation\Validation.csproj", "{8367771E-02FD-427A-87B3-8C58DB781FBC}"
EndProject
Global
	GlobalSection(SolutionConfigurationPlatforms) = preSolution
		Debug|Any CPU = Debug|Any CPU
		Release|Any CPU = Release|Any CPU
	EndGlobalSection
	GlobalSection(NestedProjects) = preSolution
		{55C50457-9C5C-421F-BF62-0F68B1F6829C} = {CEB8C4AD-5EC7-4889-B0D9-991CB0C1F13F}
		{BD56C4FA-1FF2-4AFC-841B-6277B046ACCD} = {6EE82AFA-AF4E-4C9F-BAF5-541E1FF73D0C}
		{9591F074-08E2-4C41-9C31-6C5116066E48} = {CEB8C4AD-5EC7-4889-B0D9-991CB0C1F13F}
		{80C4EF43-7B59-450D-8085-CE4E6EF6028D} = {CEB8C4AD-5EC7-4889-B0D9-991CB0C1F13F}
		{9FC318A9-9892-4529-A380-0D351EBBBE94} = {CEB8C4AD-5EC7-4889-B0D9-991CB0C1F13F}
		{27682E65-F313-4177-BBDE-D9DDBB4CA155} = {CEB8C4AD-5EC7-4889-B0D9-991CB0C1F13F}
		{8475232D-8107-433A-8E34-B5E2685F8B7D} = {CEB8C4AD-5EC7-4889-B0D9-991CB0C1F13F}
		{062D3433-57FE-4633-A158-AB6EF1C4EFF0} = {CEB8C4AD-5EC7-4889-B0D9-991CB0C1F13F}
		{8367771E-02FD-427A-87B3-8C58DB781FBC} = {CEB8C4AD-5EC7-4889-B0D9-991CB0C1F13F}
	EndGlobalSection
	GlobalSection(ProjectConfigurationPlatforms) = postSolution
		{55C50457-9C5C-421F-BF62-0F68B1F6829C}.Debug|Any CPU.ActiveCfg = Debug|Any CPU
		{55C50457-9C5C-421F-BF62-0F68B1F6829C}.Debug|Any CPU.Build.0 = Debug|Any CPU
		{55C50457-9C5C-421F-BF62-0F68B1F6829C}.Release|Any CPU.ActiveCfg = Release|Any CPU
		{55C50457-9C5C-421F-BF62-0F68B1F6829C}.Release|Any CPU.Build.0 = Release|Any CPU
		{BD56C4FA-1FF2-4AFC-841B-6277B046ACCD}.Debug|Any CPU.ActiveCfg = Debug|Any CPU
		{BD56C4FA-1FF2-4AFC-841B-6277B046ACCD}.Debug|Any CPU.Build.0 = Debug|Any CPU
		{BD56C4FA-1FF2-4AFC-841B-6277B046ACCD}.Release|Any CPU.ActiveCfg = Release|Any CPU
		{BD56C4FA-1FF2-4AFC-841B-6277B046ACCD}.Release|Any CPU.Build.0 = Release|Any CPU
		{9591F074-08E2-4C41-9C31-6C5116066E48}.Debug|Any CPU.ActiveCfg = Debug|Any CPU
		{9591F074-08E2-4C41-9C31-6C5116066E48}.Debug|Any CPU.Build.0 = Debug|Any CPU
		{9591F074-08E2-4C41-9C31-6C5116066E48}.Release|Any CPU.ActiveCfg = Release|Any CPU
		{9591F074-08E2-4C41-9C31-6C5116066E48}.Release|Any CPU.Build.0 = Release|Any CPU
		{80C4EF43-7B59-450D-8085-CE4E6EF6028D}.Debug|Any CPU.ActiveCfg = Debug|Any CPU
		{80C4EF43-7B59-450D-8085-CE4E6EF6028D}.Debug|Any CPU.Build.0 = Debug|Any CPU
		{80C4EF43-7B59-450D-8085-CE4E6EF6028D}.Release|Any CPU.ActiveCfg = Release|Any CPU
		{80C4EF43-7B59-450D-8085-CE4E6EF6028D}.Release|Any CPU.Build.0 = Release|Any CPU
		{27682E65-F313-4177-BBDE-D9DDBB4CA155}.Debug|Any CPU.ActiveCfg = Debug|Any CPU
		{27682E65-F313-4177-BBDE-D9DDBB4CA155}.Debug|Any CPU.Build.0 = Debug|Any CPU
		{27682E65-F313-4177-BBDE-D9DDBB4CA155}.Release|Any CPU.ActiveCfg = Release|Any CPU
		{27682E65-F313-4177-BBDE-D9DDBB4CA155}.Release|Any CPU.Build.0 = Release|Any CPU
		{8475232D-8107-433A-8E34-B5E2685F8B7D}.Debug|Any CPU.ActiveCfg = Debug|Any CPU
		{8475232D-8107-433A-8E34-B5E2685F8B7D}.Debug|Any CPU.Build.0 = Debug|Any CPU
		{8475232D-8107-433A-8E34-B5E2685F8B7D}.Release|Any CPU.ActiveCfg = Release|Any CPU
		{8475232D-8107-433A-8E34-B5E2685F8B7D}.Release|Any CPU.Build.0 = Release|Any CPU
		{062D3433-57FE-4633-A158-AB6EF1C4EFF0}.Debug|Any CPU.ActiveCfg = Debug|Any CPU
		{062D3433-57FE-4633-A158-AB6EF1C4EFF0}.Debug|Any CPU.Build.0 = Debug|Any CPU
		{062D3433-57FE-4633-A158-AB6EF1C4EFF0}.Release|Any CPU.ActiveCfg = Release|Any CPU
		{062D3433-57FE-4633-A158-AB6EF1C4EFF0}.Release|Any CPU.Build.0 = Release|Any CPU
		{8367771E-02FD-427A-87B3-8C58DB781FBC}.Debug|Any CPU.ActiveCfg = Debug|Any CPU
		{8367771E-02FD-427A-87B3-8C58DB781FBC}.Debug|Any CPU.Build.0 = Debug|Any CPU
		{8367771E-02FD-427A-87B3-8C58DB781FBC}.Release|Any CPU.ActiveCfg = Release|Any CPU
		{8367771E-02FD-427A-87B3-8C58DB781FBC}.Release|Any CPU.Build.0 = Release|Any CPU
	EndGlobalSection
EndGlobal
